# THIS IS AN AUTOGENERATED FILE. DO NOT EDIT THIS FILE DIRECTLY.
# yarn lockfile v1


"@types/stat-mode@^0.2.0":
  version "0.2.0"
  resolved "https://registry.yarnpkg.com/@types/stat-mode/-/stat-mode-0.2.0.tgz#e16dd655f08d097865288eb8162654675b6510a9"

stat-mode@^0.2.2:
  version "0.2.2"
  resolved "https://registry.yarnpkg.com/stat-mode/-/stat-mode-0.2.2.tgz#e6c80b623123d7d80cf132ce538f346289072502"

sudo-prompt@^8.0.0:
  version "8.1.0"
  resolved "https://registry.yarnpkg.com/sudo-prompt/-/sudo-prompt-8.1.0.tgz#62dce8013b80dd242e5b6ca15d8b8cffb7c85472"
