{
  "name": "@kyo-ago/lifter-common",
  "version": "0.0.3",
  "lockfileVersion": 1,
  "requires": true,
  "dependencies": {
    "typescript": {
      "version": "2.6.2",
      "resolved": "https://registry.npmjs.org/typescript/-/typescript-2.6.2.tgz",
      "integrity": "sha1-PFtv1/beCRQmkCfwPAlGdY92c6Q=",
      "dev": true
    },
    "typescript-dddbase": {
      "version": "0.0.4",
      "resolved": "https://registry.npmjs.org/typescript-dddbase/-/typescript-dddbase-0.0.4.tgz",
      "integrity": "sha512-iH9/Jc5SSs39DiRhFOXUW1lk1rQTAqvUnW2OSCVP3p/6wq6U+viZzKGv5Dli5GxzG21WM5h2CVO/77eDc60diQ=="
    }
  }
}
