{
  "name": "example",
  "version": "1.0.0",
  "lockfileVersion": 1,
  "requires": true,
  "dependencies": {
    "caller-id": {
      "version": "https://registry.npmjs.org/caller-id/-/caller-id-0.1.0.tgz",
      "integrity": "sha1-Wb2sCJPRLDhxQIJ5Ix+XRYNk8Hs=",
      "requires": {
        "stack-trace": "https://registry.npmjs.org/stack-trace/-/stack-trace-0.0.9.tgz"
      }
    },
    "diff": {
      "version": "https://registry.npmjs.org/diff/-/diff-3.2.0.tgz",
      "integrity": "sha1-yc45Okt8vQsFinJck98pkCeGj/k="
    },
    "formatio": {
      "version": "https://registry.npmjs.org/formatio/-/formatio-1.2.0.tgz",
      "integrity": "sha1-87IWfZBoxGmKjVH092CjmlTYGOs=",
      "requires": {
        "samsam": "https://registry.npmjs.org/samsam/-/samsam-1.2.1.tgz"
      }
    },
    "isarray": {
      "version": "https://registry.npmjs.org/isarray/-/isarray-0.0.1.tgz",
      "integrity": "sha1-ihis/Kmo9Bd+Cav8YDiTmwXR7t8="
    },
    "lolex": {
      "version": "https://registry.npmjs.org/lolex/-/lolex-1.6.0.tgz",
      "integrity": "sha1-OpoCg0UqR9dDnnJzG54H1zhuSfY="
    },
    "mock-require": {
      "version": "https://registry.npmjs.org/mock-require/-/mock-require-2.0.2.tgz",
      "integrity": "sha1-HqpxqtIwE3c9En3H6Ro/u0g31g0=",
      "requires": {
        "caller-id": "https://registry.npmjs.org/caller-id/-/caller-id-0.1.0.tgz"
      }
    },
    "native-promise-only": {
      "version": "https://registry.npmjs.org/native-promise-only/-/native-promise-only-0.8.1.tgz",
      "integrity": "sha1-IKMYwwy0X3H+et+/eyHJnBRy7xE="
    },
    "networksetup-proxy": {
      "version": "file:..",
      "requires": {
        "es6-promisify": "5.0.0",
        "execa": "0.8.0",
        "stat-mode": "0.2.2",
        "sudo-prompt": "8.0.0"
      },
      "dependencies": {
        "@types/execa": {
          "version": "0.7.2",
          "bundled": true,
          "requires": {
            "@types/node": "8.0.53"
          }
        },
        "@types/node": {
          "version": "8.0.53",
          "bundled": true
        },
        "@types/stat-mode": {
          "version": "0.2.0",
          "bundled": true
        },
        "alce": {
          "version": "1.0.0",
          "bundled": true,
          "requires": {
            "esprima": "1.0.4",
            "estraverse": "1.3.2"
          }
        },
        "balanced-match": {
          "version": "1.0.0",
          "bundled": true
        },
        "brace-expansion": {
          "version": "1.1.8",
          "bundled": true,
          "requires": {
            "balanced-match": "1.0.0",
            "concat-map": "0.0.1"
          }
        },
        "browser-stdout": {
          "version": "1.3.0",
          "bundled": true
        },
        "colors": {
          "version": "1.1.2",
          "bundled": true
        },
        "commander": {
          "version": "2.11.0",
          "bundled": true
        },
        "concat-map": {
          "version": "0.0.1",
          "bundled": true
        },
        "cross-spawn": {
          "version": "5.1.0",
          "bundled": true,
          "requires": {
            "lru-cache": "4.1.1",
            "shebang-command": "1.2.0",
            "which": "1.3.0"
          }
        },
        "debug": {
          "version": "3.1.0",
          "bundled": true,
          "requires": {
            "ms": "2.0.0"
          }
        },
        "deep-extend": {
          "version": "0.2.11",
          "bundled": true
        },
        "diff": {
          "version": "3.3.1",
          "bundled": true
        },
        "es6-promise": {
          "version": "4.1.1",
          "bundled": true
        },
        "es6-promisify": {
          "version": "5.0.0",
          "bundled": true,
          "requires": {
            "es6-promise": "4.1.1"
          }
        },
        "escape-string-regexp": {
          "version": "1.0.5",
          "bundled": true
        },
        "esprima": {
          "version": "1.0.4",
          "bundled": true
        },
        "estraverse": {
          "version": "1.3.2",
          "bundled": true
        },
        "execa": {
          "version": "0.8.0",
          "bundled": true,
          "requires": {
            "cross-spawn": "5.1.0",
            "get-stream": "3.0.0",
            "is-stream": "1.1.0",
            "npm-run-path": "2.0.2",
            "p-finally": "1.0.0",
            "signal-exit": "3.0.2",
            "strip-eof": "1.0.0"
          }
        },
        "extend-object": {
          "version": "1.0.0",
          "bundled": true
        },
        "fixpack": {
          "version": "2.3.1",
          "bundled": true,
          "requires": {
            "alce": "1.0.0",
            "colors": "1.1.2",
            "extend-object": "1.0.0",
            "rc": "0.6.0"
          }
        },
        "fs.realpath": {
          "version": "1.0.0",
          "bundled": true
        },
        "get-stream": {
          "version": "3.0.0",
          "bundled": true
        },
        "glob": {
          "version": "7.1.2",
          "bundled": true,
          "requires": {
            "fs.realpath": "1.0.0",
            "inflight": "1.0.6",
            "inherits": "2.0.3",
            "minimatch": "3.0.4",
            "once": "1.4.0",
            "path-is-absolute": "1.0.1"
          }
        },
        "growl": {
          "version": "1.10.3",
          "bundled": true
        },
        "has-flag": {
          "version": "2.0.0",
          "bundled": true
        },
        "he": {
          "version": "1.1.1",
          "bundled": true
        },
        "inflight": {
          "version": "1.0.6",
          "bundled": true,
          "requires": {
            "once": "1.4.0",
            "wrappy": "1.0.2"
          }
        },
        "inherits": {
          "version": "2.0.3",
          "bundled": true
        },
        "ini": {
          "version": "1.3.5",
          "bundled": true
        },
        "is-stream": {
          "version": "1.1.0",
          "bundled": true
        },
        "isexe": {
          "version": "2.0.0",
          "bundled": true
        },
        "lru-cache": {
          "version": "4.1.1",
          "bundled": true,
          "requires": {
            "pseudomap": "1.0.2",
            "yallist": "2.1.2"
          }
        },
        "minimatch": {
          "version": "3.0.4",
          "bundled": true,
          "requires": {
            "brace-expansion": "1.1.8"
          }
        },
        "minimist": {
          "version": "0.0.8",
          "bundled": true
        },
        "mkdirp": {
          "version": "0.5.1",
          "bundled": true,
          "requires": {
            "minimist": "0.0.8"
          }
        },
        "mocha": {
          "version": "4.0.1",
          "bundled": true,
          "requires": {
            "browser-stdout": "1.3.0",
            "commander": "2.11.0",
            "debug": "3.1.0",
            "diff": "3.3.1",
            "escape-string-regexp": "1.0.5",
            "glob": "7.1.2",
            "growl": "1.10.3",
            "he": "1.1.1",
            "mkdirp": "0.5.1",
            "supports-color": "4.4.0"
          }
        },
        "ms": {
          "version": "2.0.0",
          "bundled": true
        },
        "npm-run-path": {
          "version": "2.0.2",
          "bundled": true,
          "requires": {
            "path-key": "2.0.1"
          }
        },
        "once": {
          "version": "1.4.0",
          "bundled": true,
          "requires": {
            "wrappy": "1.0.2"
          }
        },
        "p-finally": {
          "version": "1.0.0",
          "bundled": true
        },
        "path-is-absolute": {
          "version": "1.0.1",
          "bundled": true
        },
        "path-key": {
          "version": "2.0.1",
          "bundled": true
        },
        "pseudomap": {
          "version": "1.0.2",
          "bundled": true
        },
        "rc": {
          "version": "0.6.0",
          "bundled": true,
          "requires": {
            "deep-extend": "0.2.11",
            "ini": "1.3.5",
            "minimist": "0.0.8",
            "strip-json-comments": "0.1.3"
          }
        },
        "shebang-command": {
          "version": "1.2.0",
          "bundled": true,
          "requires": {
            "shebang-regex": "1.0.0"
          }
        },
        "shebang-regex": {
          "version": "1.0.0",
          "bundled": true
        },
        "signal-exit": {
          "version": "3.0.2",
          "bundled": true
        },
        "stat-mode": {
          "version": "0.2.2",
          "bundled": true
        },
        "strip-eof": {
          "version": "1.0.0",
          "bundled": true
        },
        "strip-json-comments": {
          "version": "0.1.3",
          "bundled": true
        },
        "sudo-prompt": {
          "version": "8.0.0",
          "bundled": true
        },
        "supports-color": {
          "version": "4.4.0",
          "bundled": true,
          "requires": {
            "has-flag": "2.0.0"
          }
        },
        "typescript": {
          "version": "2.6.1",
          "bundled": true
        },
        "which": {
          "version": "1.3.0",
          "bundled": true,
          "requires": {
            "isexe": "2.0.0"
          }
        },
        "wrappy": {
          "version": "1.0.2",
          "bundled": true
        },
        "yallist": {
          "version": "2.1.2",
          "bundled": true
        }
      }
    },
    "path-to-regexp": {
      "version": "https://registry.npmjs.org/path-to-regexp/-/path-to-regexp-1.7.0.tgz",
      "integrity": "sha1-Wf3g9DW62suhA6hOnTvGTpa5k30=",
      "requires": {
        "isarray": "https://registry.npmjs.org/isarray/-/isarray-0.0.1.tgz"
      }
    },
    "samsam": {
      "version": "https://registry.npmjs.org/samsam/-/samsam-1.2.1.tgz",
      "integrity": "sha1-7dOQk6MYQ3DLhZJDsr3yVefY6mc="
    },
    "sinon": {
      "version": "https://registry.npmjs.org/sinon/-/sinon-2.1.0.tgz",
      "integrity": "sha1-4Fep0r8bMvXW3WJijKnuOWGwyvs=",
      "requires": {
        "diff": "https://registry.npmjs.org/diff/-/diff-3.2.0.tgz",
        "formatio": "https://registry.npmjs.org/formatio/-/formatio-1.2.0.tgz",
        "lolex": "https://registry.npmjs.org/lolex/-/lolex-1.6.0.tgz",
        "native-promise-only": "https://registry.npmjs.org/native-promise-only/-/native-promise-only-0.8.1.tgz",
        "path-to-regexp": "https://registry.npmjs.org/path-to-regexp/-/path-to-regexp-1.7.0.tgz",
        "samsam": "https://registry.npmjs.org/samsam/-/samsam-1.2.1.tgz",
        "text-encoding": "https://registry.npmjs.org/text-encoding/-/text-encoding-0.6.4.tgz",
        "type-detect": "https://registry.npmjs.org/type-detect/-/type-detect-4.0.3.tgz"
      }
    },
    "stack-trace": {
      "version": "https://registry.npmjs.org/stack-trace/-/stack-trace-0.0.9.tgz",
      "integrity": "sha1-qPbq7KkGdMMz58Q5U/J1tFFRBpU="
    },
    "text-encoding": {
      "version": "https://registry.npmjs.org/text-encoding/-/text-encoding-0.6.4.tgz",
      "integrity": "sha1-45mpgiV6J22uQou5KEXLcb3CbRk="
    },
    "type-detect": {
      "version": "https://registry.npmjs.org/type-detect/-/type-detect-4.0.3.tgz",
      "integrity": "sha1-Dj8mcLRAmbC0bChNE2p+9Jx0wuo="
    }
  }
}
